
Microsoft Visual Studio Solution File, Format Version 12.00
# Visual Studio 2013
VisualStudioVersion = 12.0.31101.0
MinimumVisualStudioVersion = 10.0.40219.1
Project("{FAE04EC0-301F-11D3-BF4B-00C04F79EFBC}") = "Jal.RestClient", "Jal.RestClient\Jal.RestClient.csproj", "{D34C78BA-8E63-4DC2-B4A2-DF52AB081F49}"
EndProject
Project("{FAE04EC0-301F-11D3-BF4B-00C04F79EFBC}") = "Jal.RestClient.Installer", "Jal.RestClient.Installer\Jal.RestClient.Installer.csproj", "{FD83BEB1-0C1D-4599-9C58-70726911FF90}"
EndProject
Project("{2150E333-8FDC-42A3-9474-1A3956D46DE8}") = ".nuget", ".nuget", "{213669F3-AEBF-487C-B753-6BC9874F39F4}"
	ProjectSection(SolutionItems) = preProject
		.nuget\packages.config = .nuget\packages.config
	EndProjectSection
EndProject
Project("{FAE04EC0-301F-11D3-BF4B-00C04F79EFBC}") = "Jal.RestClient.Tests", "Jal.RestClient.Tests\Jal.RestClient.Tests.csproj", "{AE7BA0AC-3396-4C72-A212-6F57AD563333}"
EndProject
Global
	GlobalSection(SolutionConfigurationPlatforms) = preSolution
		Debug|Any CPU = Debug|Any CPU
		Release|Any CPU = Release|Any CPU
	EndGlobalSection
	GlobalSection(ProjectConfigurationPlatforms) = postSolution
		{D34C78BA-8E63-4DC2-B4A2-DF52AB081F49}.Debug|Any CPU.ActiveCfg = Debug|Any CPU
		{D34C78BA-8E63-4DC2-B4A2-DF52AB081F49}.Debug|Any CPU.Build.0 = Debug|Any CPU
		{D34C78BA-8E63-4DC2-B4A2-DF52AB081F49}.Release|Any CPU.ActiveCfg = Release|Any CPU
		{D34C78BA-8E63-4DC2-B4A2-DF52AB081F49}.Release|Any CPU.Build.0 = Release|Any CPU
		{FD83BEB1-0C1D-4599-9C58-70726911FF90}.Debug|Any CPU.ActiveCfg = Debug|Any CPU
		{FD83BEB1-0C1D-4599-9C58-70726911FF90}.Debug|Any CPU.Build.0 = Debug|Any CPU
		{FD83BEB1-0C1D-4599-9C58-70726911FF90}.Release|Any CPU.ActiveCfg = Release|Any CPU
		{FD83BEB1-0C1D-4599-9C58-70726911FF90}.Release|Any CPU.Build.0 = Release|Any CPU
		{AE7BA0AC-3396-4C72-A212-6F57AD563333}.Debug|Any CPU.ActiveCfg = Debug|Any CPU
		{AE7BA0AC-3396-4C72-A212-6F57AD563333}.Debug|Any CPU.Build.0 = Debug|Any CPU
		{AE7BA0AC-3396-4C72-A212-6F57AD563333}.Release|Any CPU.ActiveCfg = Release|Any CPU
		{AE7BA0AC-3396-4C72-A212-6F57AD563333}.Release|Any CPU.Build.0 = Release|Any CPU
	EndGlobalSection
	GlobalSection(SolutionProperties) = preSolution
		HideSolutionNode = FALSE
	EndGlobalSection
EndGlobal
